
Microsoft Visual Studio Solution File, Format Version 12.00
# Visual Studio Version 16
VisualStudioVersion = 16.0.29326.143
MinimumVisualStudioVersion = 10.0.40219.1
Project("{FAE04EC0-301F-11D3-BF4B-00C04F79EFBC}") = "FluorineEditor", "FluorineEditor.csproj", "{8282104C-7475-4306-8727-D5A5B4603612}"
EndProject
Global
	GlobalSection(SolutionConfigurationPlatforms) = preSolution
		Debug|Any CPU = Debug|Any CPU
		Release|Any CPU = Release|Any CPU
	EndGlobalSection
	GlobalSection(ProjectConfigurationPlatforms) = postSolution
		{8282104C-7475-4306-8727-D5A5B4603612}.Debug|Any CPU.ActiveCfg = Debug|Any CPU
		{8282104C-7475-4306-8727-D5A5B4603612}.Debug|Any CPU.Build.0 = Debug|Any CPU
		{8282104C-7475-4306-8727-D5A5B4603612}.Release|Any CPU.ActiveCfg = Release|Any CPU
		{8282104C-7475-4306-8727-D5A5B4603612}.Release|Any CPU.Build.0 = Release|Any CPU
	EndGlobalSection
	GlobalSection(SolutionProperties) = preSolution
		HideSolutionNode = FALSE
	EndGlobalSection
	GlobalSection(ExtensibilityGlobals) = postSolution
		SolutionGuid = {7570074C-B406-4C84-996F-2CC7A0373667}
	EndGlobalSection
EndGlobal
